
Microsoft Visual Studio Solution File, Format Version 12.00
# Visual Studio Version 17
VisualStudioVersion = 17.5.33530.505
MinimumVisualStudioVersion = 10.0.40219.1
Project("{FAE04EC0-301F-11D3-BF4B-00C04F79EFBC}") = "Patch Sources", "Patch Sources\Patch Sources.csproj", "{A0BF410A-69C7-4ED2-BBCE-395047D3A8DD}"
EndProject
Project("{FAE04EC0-301F-11D3-BF4B-00C04F79EFBC}") = "KotorRandomizer", "kotor Randomizer 2\KotorRandomizer.csproj", "{36FBE2A5-15E6-4CC3-9174-377807476732}"
EndProject
Project("{FAE04EC0-301F-11D3-BF4B-00C04F79EFBC}") = "WpfUI", "WpfUI\WpfUI.csproj", "{12BF9F84-4CB3-4401-AB16-35A77C0FDC41}"
EndProject
Project("{2150E333-8FDC-42A3-9474-1A3956D46DE8}") = "Solution Items", "Solution Items", "{F8B3E4AE-EA90-4FBA-87B6-FE5D70DFFAE1}"
	ProjectSection(SolutionItems) = preProject
		README.md = README.md
	EndProjectSection
EndProject
Global
	GlobalSection(SolutionConfigurationPlatforms) = preSolution
		Debug|Any CPU = Debug|Any CPU
		Release|Any CPU = Release|Any CPU
	EndGlobalSection
	GlobalSection(ProjectConfigurationPlatforms) = postSolution
		{A0BF410A-69C7-4ED2-BBCE-395047D3A8DD}.Debug|Any CPU.ActiveCfg = Debug|Any CPU
		{A0BF410A-69C7-4ED2-BBCE-395047D3A8DD}.Debug|Any CPU.Build.0 = Debug|Any CPU
		{A0BF410A-69C7-4ED2-BBCE-395047D3A8DD}.Release|Any CPU.ActiveCfg = Release|Any CPU
		{A0BF410A-69C7-4ED2-BBCE-395047D3A8DD}.Release|Any CPU.Build.0 = Release|Any CPU
		{36FBE2A5-15E6-4CC3-9174-377807476732}.Debug|Any CPU.ActiveCfg = Debug|Any CPU
		{36FBE2A5-15E6-4CC3-9174-377807476732}.Debug|Any CPU.Build.0 = Debug|Any CPU
		{36FBE2A5-15E6-4CC3-9174-377807476732}.Release|Any CPU.ActiveCfg = Release|Any CPU
		{36FBE2A5-15E6-4CC3-9174-377807476732}.Release|Any CPU.Build.0 = Release|Any CPU
		{12BF9F84-4CB3-4401-AB16-35A77C0FDC41}.Debug|Any CPU.ActiveCfg = Debug|Any CPU
		{12BF9F84-4CB3-4401-AB16-35A77C0FDC41}.Debug|Any CPU.Build.0 = Debug|Any CPU
		{12BF9F84-4CB3-4401-AB16-35A77C0FDC41}.Release|Any CPU.ActiveCfg = Release|Any CPU
		{12BF9F84-4CB3-4401-AB16-35A77C0FDC41}.Release|Any CPU.Build.0 = Release|Any CPU
	EndGlobalSection
	GlobalSection(SolutionProperties) = preSolution
		HideSolutionNode = FALSE
	EndGlobalSection
	GlobalSection(ExtensibilityGlobals) = postSolution
		SolutionGuid = {2541ED68-06C3-4978-A192-3AB0AB949337}
	EndGlobalSection
EndGlobal
