
Microsoft Visual Studio Solution File, Format Version 12.00
# Visual Studio 15
VisualStudioVersion = 15.0.28307.1321
MinimumVisualStudioVersion = 10.0.40219.1
Project("{54435603-DBB4-11D2-8724-00A0C9A8B90C}") = "KRandomSetup", "KRandomSetup\KRandomSetup.vdproj", "{8B040375-A776-43BB-954E-578C9046E42F}"
EndProject
Project("{FAE04EC0-301F-11D3-BF4B-00C04F79EFBC}") = "Patch Sources", "Patch Sources\Patch Sources.csproj", "{A0BF410A-69C7-4ED2-BBCE-395047D3A8DD}"
EndProject
Project("{FAE04EC0-301F-11D3-BF4B-00C04F79EFBC}") = "KotorRandomizer", "kotor Randomizer 2\KotorRandomizer.csproj", "{31D4C930-D24A-460A-96A5-5141751B98AD}"
EndProject
Global
	GlobalSection(SolutionConfigurationPlatforms) = preSolution
		Debug|Any CPU = Debug|Any CPU
		Release|Any CPU = Release|Any CPU
	EndGlobalSection
	GlobalSection(ProjectConfigurationPlatforms) = postSolution
		{8B040375-A776-43BB-954E-578C9046E42F}.Debug|Any CPU.ActiveCfg = Debug
		{8B040375-A776-43BB-954E-578C9046E42F}.Release|Any CPU.ActiveCfg = Release
		{A0BF410A-69C7-4ED2-BBCE-395047D3A8DD}.Debug|Any CPU.ActiveCfg = Debug|Any CPU
		{A0BF410A-69C7-4ED2-BBCE-395047D3A8DD}.Debug|Any CPU.Build.0 = Debug|Any CPU
		{A0BF410A-69C7-4ED2-BBCE-395047D3A8DD}.Release|Any CPU.ActiveCfg = Release|Any CPU
		{A0BF410A-69C7-4ED2-BBCE-395047D3A8DD}.Release|Any CPU.Build.0 = Release|Any CPU
		{31D4C930-D24A-460A-96A5-5141751B98AD}.Debug|Any CPU.ActiveCfg = Debug|Any CPU
		{31D4C930-D24A-460A-96A5-5141751B98AD}.Debug|Any CPU.Build.0 = Debug|Any CPU
		{31D4C930-D24A-460A-96A5-5141751B98AD}.Release|Any CPU.ActiveCfg = Release|Any CPU
		{31D4C930-D24A-460A-96A5-5141751B98AD}.Release|Any CPU.Build.0 = Release|Any CPU
	EndGlobalSection
	GlobalSection(SolutionProperties) = preSolution
		HideSolutionNode = FALSE
	EndGlobalSection
	GlobalSection(ExtensibilityGlobals) = postSolution
		SolutionGuid = {2541ED68-06C3-4978-A192-3AB0AB949337}
	EndGlobalSection
EndGlobal
